
Microsoft Visual Studio Solution File, Format Version 12.00
# Visual Studio 15
VisualStudioVersion = 15.0.28307.645
MinimumVisualStudioVersion = 10.0.40219.1
Project("{8BC9CEB8-8B4A-11D0-8D11-00A0C91BC942}") = "ffmpeg_d3d_video_play", "ffmpeg_d3d_video_play\ffmpeg_d3d_video_play.vcxproj", "{B090571E-C4AA-453F-A44A-CA7650D256C2}"
EndProject
Global
	GlobalSection(SolutionConfigurationPlatforms) = preSolution
		Debug|x64 = Debug|x64
		Debug|x86 = Debug|x86
		Release|x64 = Release|x64
		Release|x86 = Release|x86
	EndGlobalSection
	GlobalSection(ProjectConfigurationPlatforms) = postSolution
		{B090571E-C4AA-453F-A44A-CA7650D256C2}.Debug|x64.ActiveCfg = Debug|x64
		{B090571E-C4AA-453F-A44A-CA7650D256C2}.Debug|x64.Build.0 = Debug|x64
		{B090571E-C4AA-453F-A44A-CA7650D256C2}.Debug|x86.ActiveCfg = Debug|Win32
		{B090571E-C4AA-453F-A44A-CA7650D256C2}.Debug|x86.Build.0 = Debug|Win32
		{B090571E-C4AA-453F-A44A-CA7650D256C2}.Release|x64.ActiveCfg = Release|x64
		{B090571E-C4AA-453F-A44A-CA7650D256C2}.Release|x64.Build.0 = Release|x64
		{B090571E-C4AA-453F-A44A-CA7650D256C2}.Release|x86.ActiveCfg = Release|Win32
		{B090571E-C4AA-453F-A44A-CA7650D256C2}.Release|x86.Build.0 = Release|Win32
	EndGlobalSection
	GlobalSection(SolutionProperties) = preSolution
		HideSolutionNode = FALSE
	EndGlobalSection
	GlobalSection(ExtensibilityGlobals) = postSolution
		SolutionGuid = {1AA7C24E-C7B7-46AE-92CC-CA036B5DDA3B}
	EndGlobalSection
EndGlobal
